Microsoft Visual Studio Solution File, Format Version 12.00
# Visual Studio 15
VisualStudioVersion = 15.0.28307.1022
MinimumVisualStudioVersion = 10.0.40219.1
Project("{2150E333-8FDC-42A3-9474-1A3956D46DE8}") = "Business", "Business", "{DB00E88B-D0C0-47A9-8E9F-250CBF6A809D}"
EndProject
Project("{FAE04EC0-301F-11D3-BF4B-00C04F79EFBC}") = "YJ.Platform", "YJ.Platform\YJ.Platform.csproj", "{4853EEE1-204A-4501-A2A6-7D14CA7DCD0E}"
EndProject
Project("{2150E333-8FDC-42A3-9474-1A3956D46DE8}") = "Data", "Data", "{2DD6FA0F-B635-469A-94A1-09A0D38A9FFB}"
EndProject
Project("{2150E333-8FDC-42A3-9474-1A3956D46DE8}") = "Web", "Web", "{AE6C0E7E-9F25-4B9B-B11C-D4A0F92DFB23}"
EndProject
Project("{FAE04EC0-301F-11D3-BF4B-00C04F79EFBC}") = "WebMvc", "WebMvc\WebMvc.csproj", "{5A3C6BB6-ADB9-4C44-AFE2-8DA354130488}"
EndProject
Project("{FAE04EC0-301F-11D3-BF4B-00C04F79EFBC}") = "YJ.Data.Factory", "YJ.Data.Factory\YJ.Data.Factory.csproj", "{C34A6499-929A-4F0E-B1BA-2A6A9734888E}"
EndProject
Project("{FAE04EC0-301F-11D3-BF4B-00C04F79EFBC}") = "YJ.Data.Model", "YJ.Data.Model\YJ.Data.Model.csproj", "{75FB2C86-F7D3-4E94-82E9-46DD9787B39D}"
EndProject
Project("{FAE04EC0-301F-11D3-BF4B-00C04F79EFBC}") = "YJ.Data.ORACLE", "YJ.Data.ORACLE\YJ.Data.ORACLE.csproj", "{05EC332B-EB23-4EF9-A1D1-2521BF33F23D}"
EndProject
Project("{FAE04EC0-301F-11D3-BF4B-00C04F79EFBC}") = "YJ.Data.MySql", "YJ.Data.MySql\YJ.Data.MySql.csproj", "{9E674C42-2952-49B3-93D5-E8231C41FEBC}"
EndProject
Project("{FAE04EC0-301F-11D3-BF4B-00C04F79EFBC}") = "YJ.Data.MSSQL", "YJ.Data.MSSQL\YJ.Data.MSSQL.csproj", "{7FBA088C-5958-4554-85D9-DA548C793373}"
EndProject
Project("{FAE04EC0-301F-11D3-BF4B-00C04F79EFBC}") = "YJ.Data.Interface", "YJ.Data.Interface\YJ.Data.Interface.csproj", "{1D067901-6B75-4919-8492-B3057FEFCF65}"
EndProject
Project("{FAE04EC0-301F-11D3-BF4B-00C04F79EFBC}") = "YJ.Utility", "YJ.Utility\YJ.Utility.csproj", "{98251C13-A02B-4D99-B9F3-C1FC30887FEC}"
EndProject
Project("{FAE04EC0-301F-11D3-BF4B-00C04F79EFBC}") = "YJ.Cache.IO", "YJ.Cache.IO\YJ.Cache.IO.csproj", "{9409A6A6-64AF-469D-97FE-F9F477516A58}"
EndProject
Project("{FAE04EC0-301F-11D3-BF4B-00C04F79EFBC}") = "YJ.Cache.Interface", "YJ.Cache.Interface\YJ.Cache.Interface.csproj", "{4C0F93D1-D1D2-49BF-8D19-C70420607E33}"
EndProject
Project("{FAE04EC0-301F-11D3-BF4B-00C04F79EFBC}") = "YJ.Cache.InProc", "YJ.Cache.InProc\YJ.Cache.InProc.csproj", "{CF5295F8-1FFC-4FD9-985A-5BB975CF4FB3}"
EndProject
Project("{FAE04EC0-301F-11D3-BF4B-00C04F79EFBC}") = "YJ.Cache.Factory", "YJ.Cache.Factory\YJ.Cache.Factory.csproj", "{4E252333-2513-411E-9A84-C4C7FE76515E}"
EndProject
Project("{FAE04EC0-301F-11D3-BF4B-00C04F79EFBC}") = "YJ.UtilityTests", "YJ.UtilityTests\YJ.UtilityTests.csproj", "{E364D854-79DC-4032-B992-EAAC80D3F469}"
EndProject
Global
	GlobalSection(SolutionConfigurationPlatforms) = preSolution
		Debug|Any CPU = Debug|Any CPU
		Debug|x86 = Debug|x86
		Release|Any CPU = Release|Any CPU
		Release|x86 = Release|x86
	EndGlobalSection
	GlobalSection(ProjectConfigurationPlatforms) = postSolution
		{4853EEE1-204A-4501-A2A6-7D14CA7DCD0E}.Debug|Any CPU.ActiveCfg = Debug|Any CPU
		{4853EEE1-204A-4501-A2A6-7D14CA7DCD0E}.Debug|Any CPU.Build.0 = Debug|Any CPU
		{4853EEE1-204A-4501-A2A6-7D14CA7DCD0E}.Debug|x86.ActiveCfg = Debug|x86
		{4853EEE1-204A-4501-A2A6-7D14CA7DCD0E}.Debug|x86.Build.0 = Debug|x86
		{4853EEE1-204A-4501-A2A6-7D14CA7DCD0E}.Release|Any CPU.ActiveCfg = Release|Any CPU
		{4853EEE1-204A-4501-A2A6-7D14CA7DCD0E}.Release|Any CPU.Build.0 = Release|Any CPU
		{4853EEE1-204A-4501-A2A6-7D14CA7DCD0E}.Release|x86.ActiveCfg = Release|x86
		{4853EEE1-204A-4501-A2A6-7D14CA7DCD0E}.Release|x86.Build.0 = Release|x86
		{5A3C6BB6-ADB9-4C44-AFE2-8DA354130488}.Debug|Any CPU.ActiveCfg = Debug|Any CPU
		{5A3C6BB6-ADB9-4C44-AFE2-8DA354130488}.Debug|Any CPU.Build.0 = Debug|Any CPU
		{5A3C6BB6-ADB9-4C44-AFE2-8DA354130488}.Debug|x86.ActiveCfg = Debug|x86
		{5A3C6BB6-ADB9-4C44-AFE2-8DA354130488}.Debug|x86.Build.0 = Debug|x86
		{5A3C6BB6-ADB9-4C44-AFE2-8DA354130488}.Release|Any CPU.ActiveCfg = Release|Any CPU
		{5A3C6BB6-ADB9-4C44-AFE2-8DA354130488}.Release|Any CPU.Build.0 = Release|Any CPU
		{5A3C6BB6-ADB9-4C44-AFE2-8DA354130488}.Release|x86.ActiveCfg = Release|x86
		{5A3C6BB6-ADB9-4C44-AFE2-8DA354130488}.Release|x86.Build.0 = Release|x86
		{C34A6499-929A-4F0E-B1BA-2A6A9734888E}.Debug|Any CPU.ActiveCfg = Debug|Any CPU
		{C34A6499-929A-4F0E-B1BA-2A6A9734888E}.Debug|Any CPU.Build.0 = Debug|Any CPU
		{C34A6499-929A-4F0E-B1BA-2A6A9734888E}.Debug|x86.ActiveCfg = Debug|x86
		{C34A6499-929A-4F0E-B1BA-2A6A9734888E}.Debug|x86.Build.0 = Debug|x86
		{C34A6499-929A-4F0E-B1BA-2A6A9734888E}.Release|Any CPU.ActiveCfg = Release|Any CPU
		{C34A6499-929A-4F0E-B1BA-2A6A9734888E}.Release|Any CPU.Build.0 = Release|Any CPU
		{C34A6499-929A-4F0E-B1BA-2A6A9734888E}.Release|x86.ActiveCfg = Release|x86
		{C34A6499-929A-4F0E-B1BA-2A6A9734888E}.Release|x86.Build.0 = Release|x86
		{75FB2C86-F7D3-4E94-82E9-46DD9787B39D}.Debug|Any CPU.ActiveCfg = Debug|Any CPU
		{75FB2C86-F7D3-4E94-82E9-46DD9787B39D}.Debug|Any CPU.Build.0 = Debug|Any CPU
		{75FB2C86-F7D3-4E94-82E9-46DD9787B39D}.Debug|x86.ActiveCfg = Debug|x86
		{75FB2C86-F7D3-4E94-82E9-46DD9787B39D}.Debug|x86.Build.0 = Debug|x86
		{75FB2C86-F7D3-4E94-82E9-46DD9787B39D}.Release|Any CPU.ActiveCfg = Release|Any CPU
		{75FB2C86-F7D3-4E94-82E9-46DD9787B39D}.Release|Any CPU.Build.0 = Release|Any CPU
		{75FB2C86-F7D3-4E94-82E9-46DD9787B39D}.Release|x86.ActiveCfg = Release|x86
		{75FB2C86-F7D3-4E94-82E9-46DD9787B39D}.Release|x86.Build.0 = Release|x86
		{05EC332B-EB23-4EF9-A1D1-2521BF33F23D}.Debug|Any CPU.ActiveCfg = Debug|Any CPU
		{05EC332B-EB23-4EF9-A1D1-2521BF33F23D}.Debug|Any CPU.Build.0 = Debug|Any CPU
		{05EC332B-EB23-4EF9-A1D1-2521BF33F23D}.Debug|x86.ActiveCfg = Debug|x86
		{05EC332B-EB23-4EF9-A1D1-2521BF33F23D}.Debug|x86.Build.0 = Debug|x86
		{05EC332B-EB23-4EF9-A1D1-2521BF33F23D}.Release|Any CPU.ActiveCfg = Release|Any CPU
		{05EC332B-EB23-4EF9-A1D1-2521BF33F23D}.Release|Any CPU.Build.0 = Release|Any CPU
		{05EC332B-EB23-4EF9-A1D1-2521BF33F23D}.Release|x86.ActiveCfg = Release|x86
		{05EC332B-EB23-4EF9-A1D1-2521BF33F23D}.Release|x86.Build.0 = Release|x86
		{9E674C42-2952-49B3-93D5-E8231C41FEBC}.Debug|Any CPU.ActiveCfg = Debug|Any CPU
		{9E674C42-2952-49B3-93D5-E8231C41FEBC}.Debug|Any CPU.Build.0 = Debug|Any CPU
		{9E674C42-2952-49B3-93D5-E8231C41FEBC}.Debug|x86.ActiveCfg = Debug|x86
		{9E674C42-2952-49B3-93D5-E8231C41FEBC}.Debug|x86.Build.0 = Debug|x86
		{9E674C42-2952-49B3-93D5-E8231C41FEBC}.Release|Any CPU.ActiveCfg = Release|Any CPU
		{9E674C42-2952-49B3-93D5-E8231C41FEBC}.Release|Any CPU.Build.0 = Release|Any CPU
		{9E674C42-2952-49B3-93D5-E8231C41FEBC}.Release|x86.ActiveCfg = Release|x86
		{9E674C42-2952-49B3-93D5-E8231C41FEBC}.Release|x86.Build.0 = Release|x86
		{7FBA088C-5958-4554-85D9-DA548C793373}.Debug|Any CPU.ActiveCfg = Debug|Any CPU
		{7FBA088C-5958-4554-85D9-DA548C793373}.Debug|Any CPU.Build.0 = Debug|Any CPU
		{7FBA088C-5958-4554-85D9-DA548C793373}.Debug|x86.ActiveCfg = Debug|x86
		{7FBA088C-5958-4554-85D9-DA548C793373}.Debug|x86.Build.0 = Debug|x86
		{7FBA088C-5958-4554-85D9-DA548C793373}.Release|Any CPU.ActiveCfg = Release|Any CPU
		{7FBA088C-5958-4554-85D9-DA548C793373}.Release|Any CPU.Build.0 = Release|Any CPU
		{7FBA088C-5958-4554-85D9-DA548C793373}.Release|x86.ActiveCfg = Release|x86
		{7FBA088C-5958-4554-85D9-DA548C793373}.Release|x86.Build.0 = Release|x86
		{1D067901-6B75-4919-8492-B3057FEFCF65}.Debug|Any CPU.ActiveCfg = Debug|Any CPU
		{1D067901-6B75-4919-8492-B3057FEFCF65}.Debug|Any CPU.Build.0 = Debug|Any CPU
		{1D067901-6B75-4919-8492-B3057FEFCF65}.Debug|x86.ActiveCfg = Debug|x86
		{1D067901-6B75-4919-8492-B3057FEFCF65}.Debug|x86.Build.0 = Debug|x86
		{1D067901-6B75-4919-8492-B3057FEFCF65}.Release|Any CPU.ActiveCfg = Release|Any CPU
		{1D067901-6B75-4919-8492-B3057FEFCF65}.Release|Any CPU.Build.0 = Release|Any CPU
		{1D067901-6B75-4919-8492-B3057FEFCF65}.Release|x86.ActiveCfg = Release|x86
		{1D067901-6B75-4919-8492-B3057FEFCF65}.Release|x86.Build.0 = Release|x86
		{98251C13-A02B-4D99-B9F3-C1FC30887FEC}.Debug|Any CPU.ActiveCfg = Debug|Any CPU
		{98251C13-A02B-4D99-B9F3-C1FC30887FEC}.Debug|Any CPU.Build.0 = Debug|Any CPU
		{98251C13-A02B-4D99-B9F3-C1FC30887FEC}.Debug|x86.ActiveCfg = Debug|x86
		{98251C13-A02B-4D99-B9F3-C1FC30887FEC}.Debug|x86.Build.0 = Debug|x86
		{98251C13-A02B-4D99-B9F3-C1FC30887FEC}.Release|Any CPU.ActiveCfg = Release|Any CPU
		{98251C13-A02B-4D99-B9F3-C1FC30887FEC}.Release|Any CPU.Build.0 = Release|Any CPU
		{98251C13-A02B-4D99-B9F3-C1FC30887FEC}.Release|x86.ActiveCfg = Release|x86
		{98251C13-A02B-4D99-B9F3-C1FC30887FEC}.Release|x86.Build.0 = Release|x86
		{9409A6A6-64AF-469D-97FE-F9F477516A58}.Debug|Any CPU.ActiveCfg = Debug|Any CPU
		{9409A6A6-64AF-469D-97FE-F9F477516A58}.Debug|Any CPU.Build.0 = Debug|Any CPU
		{9409A6A6-64AF-469D-97FE-F9F477516A58}.Debug|x86.ActiveCfg = Debug|x86
		{9409A6A6-64AF-469D-97FE-F9F477516A58}.Debug|x86.Build.0 = Debug|x86
		{9409A6A6-64AF-469D-97FE-F9F477516A58}.Release|Any CPU.ActiveCfg = Release|Any CPU
		{9409A6A6-64AF-469D-97FE-F9F477516A58}.Release|Any CPU.Build.0 = Release|Any CPU
		{9409A6A6-64AF-469D-97FE-F9F477516A58}.Release|x86.ActiveCfg = Release|x86
		{9409A6A6-64AF-469D-97FE-F9F477516A58}.Release|x86.Build.0 = Release|x86
		{4C0F93D1-D1D2-49BF-8D19-C70420607E33}.Debug|Any CPU.ActiveCfg = Debug|Any CPU
		{4C0F93D1-D1D2-49BF-8D19-C70420607E33}.Debug|Any CPU.Build.0 = Debug|Any CPU
		{4C0F93D1-D1D2-49BF-8D19-C70420607E33}.Debug|x86.ActiveCfg = Debug|x86
		{4C0F93D1-D1D2-49BF-8D19-C70420607E33}.Debug|x86.Build.0 = Debug|x86
		{4C0F93D1-D1D2-49BF-8D19-C70420607E33}.Release|Any CPU.ActiveCfg = Release|Any CPU
		{4C0F93D1-D1D2-49BF-8D19-C70420607E33}.Release|Any CPU.Build.0 = Release|Any CPU
		{4C0F93D1-D1D2-49BF-8D19-C70420607E33}.Release|x86.ActiveCfg = Release|x86
		{4C0F93D1-D1D2-49BF-8D19-C70420607E33}.Release|x86.Build.0 = Release|x86
		{CF5295F8-1FFC-4FD9-985A-5BB975CF4FB3}.Debug|Any CPU.ActiveCfg = Debug|Any CPU
		{CF5295F8-1FFC-4FD9-985A-5BB975CF4FB3}.Debug|Any CPU.Build.0 = Debug|Any CPU
		{CF5295F8-1FFC-4FD9-985A-5BB975CF4FB3}.Debug|x86.ActiveCfg = Debug|x86
		{CF5295F8-1FFC-4FD9-985A-5BB975CF4FB3}.Debug|x86.Build.0 = Debug|x86
		{CF5295F8-1FFC-4FD9-985A-5BB975CF4FB3}.Release|Any CPU.ActiveCfg = Release|Any CPU
		{CF5295F8-1FFC-4FD9-985A-5BB975CF4FB3}.Release|Any CPU.Build.0 = Release|Any CPU
		{CF5295F8-1FFC-4FD9-985A-5BB975CF4FB3}.Release|x86.ActiveCfg = Release|x86
		{CF5295F8-1FFC-4FD9-985A-5BB975CF4FB3}.Release|x86.Build.0 = Release|x86
		{4E252333-2513-411E-9A84-C4C7FE76515E}.Debug|Any CPU.ActiveCfg = Debug|Any CPU
		{4E252333-2513-411E-9A84-C4C7FE76515E}.Debug|Any CPU.Build.0 = Debug|Any CPU
		{4E252333-2513-411E-9A84-C4C7FE76515E}.Debug|x86.ActiveCfg = Debug|x86
		{4E252333-2513-411E-9A84-C4C7FE76515E}.Debug|x86.Build.0 = Debug|x86
		{4E252333-2513-411E-9A84-C4C7FE76515E}.Release|Any CPU.ActiveCfg = Release|Any CPU
		{4E252333-2513-411E-9A84-C4C7FE76515E}.Release|Any CPU.Build.0 = Release|Any CPU
		{4E252333-2513-411E-9A84-C4C7FE76515E}.Release|x86.ActiveCfg = Release|x86
		{4E252333-2513-411E-9A84-C4C7FE76515E}.Release|x86.Build.0 = Release|x86
		{E364D854-79DC-4032-B992-EAAC80D3F469}.Debug|Any CPU.ActiveCfg = Debug|Any CPU
		{E364D854-79DC-4032-B992-EAAC80D3F469}.Debug|Any CPU.Build.0 = Debug|Any CPU
		{E364D854-79DC-4032-B992-EAAC80D3F469}.Debug|x86.ActiveCfg = Debug|Any CPU
		{E364D854-79DC-4032-B992-EAAC80D3F469}.Debug|x86.Build.0 = Debug|Any CPU
		{E364D854-79DC-4032-B992-EAAC80D3F469}.Release|Any CPU.ActiveCfg = Release|Any CPU
		{E364D854-79DC-4032-B992-EAAC80D3F469}.Release|Any CPU.Build.0 = Release|Any CPU
		{E364D854-79DC-4032-B992-EAAC80D3F469}.Release|x86.ActiveCfg = Release|Any CPU
		{E364D854-79DC-4032-B992-EAAC80D3F469}.Release|x86.Build.0 = Release|Any CPU
	EndGlobalSection
	GlobalSection(SolutionProperties) = preSolution
		HideSolutionNode = FALSE
	EndGlobalSection
	GlobalSection(NestedProjects) = preSolution
		{4853EEE1-204A-4501-A2A6-7D14CA7DCD0E} = {DB00E88B-D0C0-47A9-8E9F-250CBF6A809D}
		{5A3C6BB6-ADB9-4C44-AFE2-8DA354130488} = {AE6C0E7E-9F25-4B9B-B11C-D4A0F92DFB23}
		{C34A6499-929A-4F0E-B1BA-2A6A9734888E} = {2DD6FA0F-B635-469A-94A1-09A0D38A9FFB}
		{75FB2C86-F7D3-4E94-82E9-46DD9787B39D} = {2DD6FA0F-B635-469A-94A1-09A0D38A9FFB}
	EndGlobalSection
	GlobalSection(ExtensibilityGlobals) = postSolution
		VisualSVNWorkingCopyRoot = .
		SolutionGuid = {F57B2D91-6706-4E6B-ADEE-3FBAA803BBF1}
	EndGlobalSection
EndGlobal
